
Microsoft Visual Studio Solution File, Format Version 12.00
# Visual Studio Version 17
VisualStudioVersion = 17.7.34221.43
MinimumVisualStudioVersion = 10.0.40219.1
Project("{FAE04EC0-301F-11D3-BF4B-00C04F79EFBC}") = "Hotels", "Hotels.csproj", "{5C2D20D7-E761-4897-A2C6-893A83E6DCC6}"
EndProject
Global
	GlobalSection(SolutionConfigurationPlatforms) = preSolution
		Debug|Any CPU = Debug|Any CPU
		Release|Any CPU = Release|Any CPU
	EndGlobalSection
	GlobalSection(ProjectConfigurationPlatforms) = postSolution
		{5C2D20D7-E761-4897-A2C6-893A83E6DCC6}.Debug|Any CPU.ActiveCfg = Debug|Any CPU
		{5C2D20D7-E761-4897-A2C6-893A83E6DCC6}.Debug|Any CPU.Build.0 = Debug|Any CPU
		{5C2D20D7-E761-4897-A2C6-893A83E6DCC6}.Release|Any CPU.ActiveCfg = Release|Any CPU
		{5C2D20D7-E761-4897-A2C6-893A83E6DCC6}.Release|Any CPU.Build.0 = Release|Any CPU
	EndGlobalSection
	GlobalSection(SolutionProperties) = preSolution
		HideSolutionNode = FALSE
	EndGlobalSection
	GlobalSection(ExtensibilityGlobals) = postSolution
		SolutionGuid = {DB5687F6-3BD5-414F-B7AE-0411A17768FD}
	EndGlobalSection
EndGlobal
